
Microsoft Visual Studio Solution File, Format Version 12.00
# Visual Studio 15
VisualStudioVersion = 15.0.26730.16
MinimumVisualStudioVersion = 10.0.40219.1
Project("{888888A0-9F3D-457C-B088-3A5042F75D52}") = "Bahamas", "Bahamas.pyproj", "{7AFC0DFB-8D24-4A7A-B485-7303E99E6958}"
EndProject
Global
	GlobalSection(SolutionConfigurationPlatforms) = preSolution
		Debug|Any CPU = Debug|Any CPU
		Release|Any CPU = Release|Any CPU
	EndGlobalSection
	GlobalSection(ProjectConfigurationPlatforms) = postSolution
		{7AFC0DFB-8D24-4A7A-B485-7303E99E6958}.Debug|Any CPU.ActiveCfg = Debug|Any CPU
		{7AFC0DFB-8D24-4A7A-B485-7303E99E6958}.Release|Any CPU.ActiveCfg = Release|Any CPU
	EndGlobalSection
	GlobalSection(SolutionProperties) = preSolution
		HideSolutionNode = FALSE
	EndGlobalSection
	GlobalSection(ExtensibilityGlobals) = postSolution
		SolutionGuid = {DAE5EFBD-8F16-4F60-801F-9B98360BEEE5}
	EndGlobalSection
EndGlobal
