<?xml version="1.0" encoding="utf-8"?>
<Project ToolsVersion="4.0" xmlns="http://schemas.microsoft.com/developer/msbuild/2003">
  <ItemGroup>
    <ClCompile Include="Backtest.cpp" />
    <ClCompile Include="BahamasSystem.cpp" />
    <ClCompile Include="OHLCVPriceManager.cpp" />
    <ClCompile Include="Portfolio.cpp" />
    <ClCompile Include="PortfolioHandler.cpp" />
    <ClCompile Include="Position.cpp" />
    <ClCompile Include="OrderSizer.cpp" />
    <ClCompile Include="RiskManager.cpp" />
  </ItemGroup>
  <ItemGroup>
    <ClInclude Include="Backtest.h" />
    <ClInclude Include="DataImporter.h" />
    <ClInclude Include="ExecutionManager.h" />
    <ClInclude Include="GoogleAPIPriceManager.h" />
    <ClInclude Include="OHLCVPriceManager.h" />
    <ClInclude Include="Portfolio.h" />
    <ClInclude Include="PortfolioHandler.h" />
    <ClInclude Include="Position.h" />
    <ClInclude Include="OrderSizer.h" />
    <ClInclude Include="PriceManager.h" />
    <ClInclude Include="RiskManager.h" />
    <ClInclude Include="StatisticsManager.h" />
    <ClInclude Include="Strategy.h" />
    <ClInclude Include="TradingEvent.h" />
    <ClInclude Include="Logger.h" />
  </ItemGroup>
  <ItemGroup>
    <Text Include="z_todo.txt" />
  </ItemGroup>
  <ItemGroup>
    <Filter Include="csv_imports">
      <UniqueIdentifier>{b197ef21-393f-44e0-9b64-5e5dab68daee}</UniqueIdentifier>
    </Filter>
  </ItemGroup>
  <ItemGroup>
    <None Include="bin\x64\Debug\HOLDINGS_13F_TCI.csv">
      <Filter>csv_imports</Filter>
    </None>
    <None Include="bin\x64\Debug\RF2.csv">
      <Filter>csv_imports</Filter>
    </None>
    <None Include="bin\x64\Debug\CME_S2.csv">
      <Filter>csv_imports</Filter>
    </None>
    <None Include="bin\x64\Debug\CHTR.csv">
      <Filter>csv_imports</Filter>
    </None>
    <None Include="bin\x64\Debug\CMCSA.csv">
      <Filter>csv_imports</Filter>
    </None>
    <None Include="bin\x64\Debug\AMBC.csv">
      <Filter>csv_imports</Filter>
    </None>
    <None Include="bin\x64\Debug\MCO.csv">
      <Filter>csv_imports</Filter>
    </None>
    <None Include="bin\x64\Debug\YHOO.csv">
      <Filter>csv_imports</Filter>
    </None>
    <None Include="bin\x64\Debug\FOX.csv">
      <Filter>csv_imports</Filter>
    </None>
    <None Include="bin\x64\Debug\BIDU.csv">
      <Filter>csv_imports</Filter>
    </None>
    <None Include="bin\x64\Debug\CME.csv">
      <Filter>csv_imports</Filter>
    </None>
    <None Include="bin\x64\Debug\TWX.csv">
      <Filter>csv_imports</Filter>
    </None>
    <None Include="bin\x64\Debug\TWC.csv">
      <Filter>csv_imports</Filter>
    </None>
    <None Include="bin\x64\Debug\AXP.csv">
      <Filter>csv_imports</Filter>
    </None>
    <None Include="bin\x64\Debug\MA.csv">
      <Filter>csv_imports</Filter>
    </None>
    <None Include="bin\x64\Debug\DIS.csv">
      <Filter>csv_imports</Filter>
    </None>
    <None Include="bin\x64\Debug\MSFT.csv">
      <Filter>csv_imports</Filter>
    </None>
    <None Include="bin\x64\Debug\VRX.csv">
      <Filter>csv_imports</Filter>
    </None>
    <None Include="bin\x64\Debug\MSI.csv">
      <Filter>csv_imports</Filter>
    </None>
    <None Include="bin\x64\Debug\ADBE.csv">
      <Filter>csv_imports</Filter>
    </None>
    <None Include="bin\x64\Debug\CBG.csv">
      <Filter>csv_imports</Filter>
    </None>
    <None Include="bin\x64\Debug\COL.csv">
      <Filter>csv_imports</Filter>
    </None>
    <None Include="bin\x64\Debug\ALSN.csv">
      <Filter>csv_imports</Filter>
    </None>
    <None Include="bin\x64\Debug\MSCI.csv">
      <Filter>csv_imports</Filter>
    </None>
    <None Include="bin\x64\Debug\AWI.csv">
      <Filter>csv_imports</Filter>
    </None>
    <None Include="bin\x64\Debug\BHI.csv">
      <Filter>csv_imports</Filter>
    </None>
    <None Include="bin\x64\Debug\HAL.csv">
      <Filter>csv_imports</Filter>
    </None>
    <None Include="bin\x64\Debug\MS.csv">
      <Filter>csv_imports</Filter>
    </None>
    <None Include="bin\x64\Debug\HOLDINGS_13F_VALACT.csv">
      <Filter>csv_imports</Filter>
    </None>
  </ItemGroup>
</Project>