<?xml version="1.0" encoding="utf-8"?>
<Project ToolsVersion="4.0" xmlns="http://schemas.microsoft.com/developer/msbuild/2003">
  <ItemGroup>
    <ClCompile Include="Backtest.cpp" />
    <ClCompile Include="BahamasSystem.cpp" />
    <ClCompile Include="OHLCVPriceManager.cpp" />
    <ClCompile Include="Portfolio.cpp" />
    <ClCompile Include="PortfolioHandler.cpp" />
    <ClCompile Include="Position.cpp" />
    <ClCompile Include="OrderSizer.cpp" />
    <ClCompile Include="RiskManager.cpp" />
  </ItemGroup>
  <ItemGroup>
    <ClInclude Include="Backtest.h" />
    <ClInclude Include="DataImporter.h" />
    <ClInclude Include="ExecutionManager.h" />
    <ClInclude Include="GoogleAPIPriceManager.h" />
    <ClInclude Include="OHLCVPriceManager.h" />
    <ClInclude Include="Portfolio.h" />
    <ClInclude Include="PortfolioHandler.h" />
    <ClInclude Include="Position.h" />
    <ClInclude Include="OrderSizer.h" />
    <ClInclude Include="PriceManager.h" />
    <ClInclude Include="RiskManager.h" />
    <ClInclude Include="StatisticsManager.h" />
    <ClInclude Include="Strategy.h" />
    <ClInclude Include="TradingEvent.h" />
    <ClInclude Include="Logger.h" />
  </ItemGroup>
  <ItemGroup>
    <Text Include="z_todo.txt" />
  </ItemGroup>
  <ItemGroup>
    <Filter Include="csv_imports">
      <UniqueIdentifier>{b197ef21-393f-44e0-9b64-5e5dab68daee}</UniqueIdentifier>
    </Filter>
  </ItemGroup>
  <ItemGroup>
    <None Include="bin\x64\Debug\QUANDL_RF2.csv">
      <Filter>csv_imports</Filter>
    </None>
    <None Include="bin\x64\Debug\QUANDL_CME_S2.csv">
      <Filter>csv_imports</Filter>
    </None>
  </ItemGroup>
</Project>