<?xml version="1.0" encoding="utf-8"?>
<Project ToolsVersion="4.0" xmlns="http://schemas.microsoft.com/developer/msbuild/2003">
  <ItemGroup>
    <Text Include="ReadMe.txt" />
  </ItemGroup>
  <ItemGroup>
    <ClInclude Include="stdafx.h" />
    <ClInclude Include="targetver.h" />
    <ClInclude Include="CSVParser.h">
      <Filter>DataHandler\Importers</Filter>
    </ClInclude>
    <ClInclude Include="minicsv.h">
      <Filter>DataHandler\Importers</Filter>
    </ClInclude>
  </ItemGroup>
  <ItemGroup>
    <ClCompile Include="stdafx.cpp" />
  </ItemGroup>
  <ItemGroup>
    <Filter Include="DataHandler">
      <UniqueIdentifier>{bd4d4848-df57-4a83-95f2-8207044d4d92}</UniqueIdentifier>
    </Filter>
    <Filter Include="BackTest">
      <UniqueIdentifier>{1d26aa46-2fd8-4fee-b841-1751698c099e}</UniqueIdentifier>
    </Filter>
    <Filter Include="PortfolioManager">
      <UniqueIdentifier>{5242b617-8c1d-45b9-a1ce-5be9aa211cfa}</UniqueIdentifier>
    </Filter>
    <Filter Include="DataHandler\Importers">
      <UniqueIdentifier>{9cd26f1a-1e84-4d39-b97d-02b090531fb3}</UniqueIdentifier>
    </Filter>
    <Filter Include="DataHandler\Parsers">
      <UniqueIdentifier>{149ce64d-c791-41a5-b6fc-7b8036a1aa13}</UniqueIdentifier>
    </Filter>
  </ItemGroup>
</Project>