
Microsoft Visual Studio Solution File, Format Version 12.00
# Visual Studio 2013
VisualStudioVersion = 12.0.40629.0
MinimumVisualStudioVersion = 10.0.40219.1
Project("{8BC9CEB8-8B4A-11D0-8D11-00A0C91BC942}") = "BahamasSystem", "BahamasSystem.vcxproj", "{ADB38B40-7826-4770-A806-F35F7B62044F}"
EndProject
Project("{8BC9CEB8-8B4A-11D0-8D11-00A0C91BC942}") = "UnitTests", "UnitTests\UnitTests.vcxproj", "{ECBCA32C-DC3B-4C8D-AE73-C90441BE74D2}"
EndProject
Global
	GlobalSection(SolutionConfigurationPlatforms) = preSolution
		Debug|Win32 = Debug|Win32
		Release|Win32 = Release|Win32
	EndGlobalSection
	GlobalSection(ProjectConfigurationPlatforms) = postSolution
		{ADB38B40-7826-4770-A806-F35F7B62044F}.Debug|Win32.ActiveCfg = Debug|Win32
		{ADB38B40-7826-4770-A806-F35F7B62044F}.Debug|Win32.Build.0 = Debug|Win32
		{ADB38B40-7826-4770-A806-F35F7B62044F}.Release|Win32.ActiveCfg = Release|Win32
		{ADB38B40-7826-4770-A806-F35F7B62044F}.Release|Win32.Build.0 = Release|Win32
		{ECBCA32C-DC3B-4C8D-AE73-C90441BE74D2}.Debug|Win32.ActiveCfg = Debug|Win32
		{ECBCA32C-DC3B-4C8D-AE73-C90441BE74D2}.Debug|Win32.Build.0 = Debug|Win32
		{ECBCA32C-DC3B-4C8D-AE73-C90441BE74D2}.Release|Win32.ActiveCfg = Release|Win32
		{ECBCA32C-DC3B-4C8D-AE73-C90441BE74D2}.Release|Win32.Build.0 = Release|Win32
	EndGlobalSection
	GlobalSection(SolutionProperties) = preSolution
		HideSolutionNode = FALSE
	EndGlobalSection
EndGlobal
